
Microsoft Visual Studio Solution File, Format Version 12.00
# Visual Studio Version 17
VisualStudioVersion = 17.3.32611.2
MinimumVisualStudioVersion = 10.0.40219.1
Project("{9A19103F-16F7-4668-BE54-9A1E7A4F7556}") = "MinimalCouponAPI", "MinimalCouponAPI\MinimalCouponAPI.csproj", "{2FBA4382-B2F1-4AA4-A452-5B5814E39AE5}"
EndProject
Global
	GlobalSection(SolutionConfigurationPlatforms) = preSolution
		Debug|Any CPU = Debug|Any CPU
		Release|Any CPU = Release|Any CPU
	EndGlobalSection
	GlobalSection(ProjectConfigurationPlatforms) = postSolution
		{2FBA4382-B2F1-4AA4-A452-5B5814E39AE5}.Debug|Any CPU.ActiveCfg = Debug|Any CPU
		{2FBA4382-B2F1-4AA4-A452-5B5814E39AE5}.Debug|Any CPU.Build.0 = Debug|Any CPU
		{2FBA4382-B2F1-4AA4-A452-5B5814E39AE5}.Release|Any CPU.ActiveCfg = Release|Any CPU
		{2FBA4382-B2F1-4AA4-A452-5B5814E39AE5}.Release|Any CPU.Build.0 = Release|Any CPU
	EndGlobalSection
	GlobalSection(SolutionProperties) = preSolution
		HideSolutionNode = FALSE
	EndGlobalSection
	GlobalSection(ExtensibilityGlobals) = postSolution
		SolutionGuid = {45D1FB65-6911-4B7F-8A2D-4FCCFB0A7FB9}
	EndGlobalSection
EndGlobal
